
Microsoft Visual Studio Solution File, Format Version 12.00
# Visual Studio Version 17
VisualStudioVersion = 17.5.002.0
MinimumVisualStudioVersion = 10.0.40219.1
Project("{2150E333-8FDC-42A3-9474-1A3956D46DE8}") = "prepare", "prepare", "{BC8F7D69-EAD9-476C-A93D-42E423833E7B}"
EndProject
Project("{9A19103F-16F7-4668-BE54-9A1E7A4F7556}") = "Learning02", "prepare\Learning02\Learning02.csproj", "{941F5128-C45B-4CF9-A29C-58EF13DCE325}"
EndProject
Project("{9A19103F-16F7-4668-BE54-9A1E7A4F7556}") = "Learning05", "prepare\Learning05\Learning05.csproj", "{D9CF47FD-5558-4656-96F2-632ED490F671}"
EndProject
Project("{9A19103F-16F7-4668-BE54-9A1E7A4F7556}") = "Learning04", "prepare\Learning04\Learning04.csproj", "{F5ECF570-9746-498D-B612-35F3E492F2A6}"
EndProject
Project("{9A19103F-16F7-4668-BE54-9A1E7A4F7556}") = "Learning03", "prepare\Learning03\Learning03.csproj", "{6D29E0D2-ED7E-4A0A-BFFF-7DEEC25F1E39}"
EndProject
Project("{2150E333-8FDC-42A3-9474-1A3956D46DE8}") = "prove", "prove", "{80912ADE-5053-4BE5-8C1C-A71D400208BA}"
EndProject
Project("{9A19103F-16F7-4668-BE54-9A1E7A4F7556}") = "Develop03", "prove\Develop03\Develop03.csproj", "{09518266-94B6-4C66-9161-29175DAA8134}"
EndProject
Project("{9A19103F-16F7-4668-BE54-9A1E7A4F7556}") = "Develop04", "prove\Develop04\Develop04.csproj", "{242CE3C5-9E05-4256-8875-DF2B53C319A3}"
EndProject
Project("{9A19103F-16F7-4668-BE54-9A1E7A4F7556}") = "Develop05", "prove\Develop05\Develop05.csproj", "{FDCE0C2B-8AD9-488F-90FC-DE21FA4D0945}"
EndProject
Project("{9A19103F-16F7-4668-BE54-9A1E7A4F7556}") = "Develop02", "prove\Develop02\Develop02.csproj", "{FCCCBA2E-0725-4BB4-AD9F-492E713AB45A}"
EndProject
Project("{2150E333-8FDC-42A3-9474-1A3956D46DE8}") = "sandbox", "sandbox", "{CDE22427-7767-417A-8A7E-D95B7E341230}"
EndProject
Project("{9A19103F-16F7-4668-BE54-9A1E7A4F7556}") = "Sandbox", "sandbox\Sandbox\Sandbox.csproj", "{B380694C-5B5F-433E-B76C-B01B9CA804DC}"
EndProject
Project("{2150E333-8FDC-42A3-9474-1A3956D46DE8}") = "final", "final", "{1BFE62AE-4E86-4C47-810A-2AD61C1AFFFA}"
EndProject
Project("{9A19103F-16F7-4668-BE54-9A1E7A4F7556}") = "FinalProject", "final\FinalProject\FinalProject.csproj", "{E3FC5BEB-6844-4D63-BA0A-4C614B97DFA3}"
EndProject
Project("{9A19103F-16F7-4668-BE54-9A1E7A4F7556}") = "Foundation1", "final\Foundation1\Foundation1.csproj", "{E69734A9-8A6B-430D-BC1C-2EA09CC50047}"
EndProject
Project("{9A19103F-16F7-4668-BE54-9A1E7A4F7556}") = "Foundation4", "final\Foundation4\Foundation4.csproj", "{998483FD-0C2D-41ED-A465-29EDFB97CA72}"
EndProject
Project("{9A19103F-16F7-4668-BE54-9A1E7A4F7556}") = "Foundation3", "final\Foundation3\Foundation3.csproj", "{4A3C2D46-591B-4818-9322-FA5C2A818804}"
EndProject
Project("{9A19103F-16F7-4668-BE54-9A1E7A4F7556}") = "Foundation2", "final\Foundation2\Foundation2.csproj", "{39EE1846-DD80-470F-BCC0-56B977FB402D}"
EndProject
Project("{2150E333-8FDC-42A3-9474-1A3956D46DE8}") = "csharp-prep", "csharp-prep", "{03FF2DBF-1D46-432B-AF44-185A0260A797}"
EndProject
Project("{9A19103F-16F7-4668-BE54-9A1E7A4F7556}") = "Prep1", "csharp-prep\Prep1\Prep1.csproj", "{45E85E46-A76C-49B6-807E-688D6216707C}"
EndProject
Project("{9A19103F-16F7-4668-BE54-9A1E7A4F7556}") = "Prep5", "csharp-prep\Prep5\Prep5.csproj", "{186FFF26-6289-4FA5-AFA1-5A361E1847AE}"
EndProject
Project("{9A19103F-16F7-4668-BE54-9A1E7A4F7556}") = "Prep2", "csharp-prep\Prep2\Prep2.csproj", "{F363BB68-D129-451D-BB6F-DCF76F9EBE85}"
EndProject
Project("{9A19103F-16F7-4668-BE54-9A1E7A4F7556}") = "Prep3", "csharp-prep\Prep3\Prep3.csproj", "{9D955C9B-1212-4498-87DD-FE5D8BFDC87D}"
EndProject
Project("{9A19103F-16F7-4668-BE54-9A1E7A4F7556}") = "Prep4", "csharp-prep\Prep4\Prep4.csproj", "{A8B6C8FD-328E-49C1-ABA5-0668F4EB56F5}"
EndProject
Global
	GlobalSection(SolutionConfigurationPlatforms) = preSolution
		Debug|Any CPU = Debug|Any CPU
		Release|Any CPU = Release|Any CPU
	EndGlobalSection
	GlobalSection(ProjectConfigurationPlatforms) = postSolution
		{941F5128-C45B-4CF9-A29C-58EF13DCE325}.Debug|Any CPU.ActiveCfg = Debug|Any CPU
		{941F5128-C45B-4CF9-A29C-58EF13DCE325}.Debug|Any CPU.Build.0 = Debug|Any CPU
		{941F5128-C45B-4CF9-A29C-58EF13DCE325}.Release|Any CPU.ActiveCfg = Release|Any CPU
		{941F5128-C45B-4CF9-A29C-58EF13DCE325}.Release|Any CPU.Build.0 = Release|Any CPU
		{D9CF47FD-5558-4656-96F2-632ED490F671}.Debug|Any CPU.ActiveCfg = Debug|Any CPU
		{D9CF47FD-5558-4656-96F2-632ED490F671}.Debug|Any CPU.Build.0 = Debug|Any CPU
		{D9CF47FD-5558-4656-96F2-632ED490F671}.Release|Any CPU.ActiveCfg = Release|Any CPU
		{D9CF47FD-5558-4656-96F2-632ED490F671}.Release|Any CPU.Build.0 = Release|Any CPU
		{F5ECF570-9746-498D-B612-35F3E492F2A6}.Debug|Any CPU.ActiveCfg = Debug|Any CPU
		{F5ECF570-9746-498D-B612-35F3E492F2A6}.Debug|Any CPU.Build.0 = Debug|Any CPU
		{F5ECF570-9746-498D-B612-35F3E492F2A6}.Release|Any CPU.ActiveCfg = Release|Any CPU
		{F5ECF570-9746-498D-B612-35F3E492F2A6}.Release|Any CPU.Build.0 = Release|Any CPU
		{6D29E0D2-ED7E-4A0A-BFFF-7DEEC25F1E39}.Debug|Any CPU.ActiveCfg = Debug|Any CPU
		{6D29E0D2-ED7E-4A0A-BFFF-7DEEC25F1E39}.Debug|Any CPU.Build.0 = Debug|Any CPU
		{6D29E0D2-ED7E-4A0A-BFFF-7DEEC25F1E39}.Release|Any CPU.ActiveCfg = Release|Any CPU
		{6D29E0D2-ED7E-4A0A-BFFF-7DEEC25F1E39}.Release|Any CPU.Build.0 = Release|Any CPU
		{09518266-94B6-4C66-9161-29175DAA8134}.Debug|Any CPU.ActiveCfg = Debug|Any CPU
		{09518266-94B6-4C66-9161-29175DAA8134}.Debug|Any CPU.Build.0 = Debug|Any CPU
		{09518266-94B6-4C66-9161-29175DAA8134}.Release|Any CPU.ActiveCfg = Release|Any CPU
		{09518266-94B6-4C66-9161-29175DAA8134}.Release|Any CPU.Build.0 = Release|Any CPU
		{242CE3C5-9E05-4256-8875-DF2B53C319A3}.Debug|Any CPU.ActiveCfg = Debug|Any CPU
		{242CE3C5-9E05-4256-8875-DF2B53C319A3}.Debug|Any CPU.Build.0 = Debug|Any CPU
		{242CE3C5-9E05-4256-8875-DF2B53C319A3}.Release|Any CPU.ActiveCfg = Release|Any CPU
		{242CE3C5-9E05-4256-8875-DF2B53C319A3}.Release|Any CPU.Build.0 = Release|Any CPU
		{FDCE0C2B-8AD9-488F-90FC-DE21FA4D0945}.Debug|Any CPU.ActiveCfg = Debug|Any CPU
		{FDCE0C2B-8AD9-488F-90FC-DE21FA4D0945}.Debug|Any CPU.Build.0 = Debug|Any CPU
		{FDCE0C2B-8AD9-488F-90FC-DE21FA4D0945}.Release|Any CPU.ActiveCfg = Release|Any CPU
		{FDCE0C2B-8AD9-488F-90FC-DE21FA4D0945}.Release|Any CPU.Build.0 = Release|Any CPU
		{FCCCBA2E-0725-4BB4-AD9F-492E713AB45A}.Debug|Any CPU.ActiveCfg = Debug|Any CPU
		{FCCCBA2E-0725-4BB4-AD9F-492E713AB45A}.Debug|Any CPU.Build.0 = Debug|Any CPU
		{FCCCBA2E-0725-4BB4-AD9F-492E713AB45A}.Release|Any CPU.ActiveCfg = Release|Any CPU
		{FCCCBA2E-0725-4BB4-AD9F-492E713AB45A}.Release|Any CPU.Build.0 = Release|Any CPU
		{B380694C-5B5F-433E-B76C-B01B9CA804DC}.Debug|Any CPU.ActiveCfg = Debug|Any CPU
		{B380694C-5B5F-433E-B76C-B01B9CA804DC}.Debug|Any CPU.Build.0 = Debug|Any CPU
		{B380694C-5B5F-433E-B76C-B01B9CA804DC}.Release|Any CPU.ActiveCfg = Release|Any CPU
		{B380694C-5B5F-433E-B76C-B01B9CA804DC}.Release|Any CPU.Build.0 = Release|Any CPU
		{E3FC5BEB-6844-4D63-BA0A-4C614B97DFA3}.Debug|Any CPU.ActiveCfg = Debug|Any CPU
		{E3FC5BEB-6844-4D63-BA0A-4C614B97DFA3}.Debug|Any CPU.Build.0 = Debug|Any CPU
		{E3FC5BEB-6844-4D63-BA0A-4C614B97DFA3}.Release|Any CPU.ActiveCfg = Release|Any CPU
		{E3FC5BEB-6844-4D63-BA0A-4C614B97DFA3}.Release|Any CPU.Build.0 = Release|Any CPU
		{E69734A9-8A6B-430D-BC1C-2EA09CC50047}.Debug|Any CPU.ActiveCfg = Debug|Any CPU
		{E69734A9-8A6B-430D-BC1C-2EA09CC50047}.Debug|Any CPU.Build.0 = Debug|Any CPU
		{E69734A9-8A6B-430D-BC1C-2EA09CC50047}.Release|Any CPU.ActiveCfg = Release|Any CPU
		{E69734A9-8A6B-430D-BC1C-2EA09CC50047}.Release|Any CPU.Build.0 = Release|Any CPU
		{998483FD-0C2D-41ED-A465-29EDFB97CA72}.Debug|Any CPU.ActiveCfg = Debug|Any CPU
		{998483FD-0C2D-41ED-A465-29EDFB97CA72}.Debug|Any CPU.Build.0 = Debug|Any CPU
		{998483FD-0C2D-41ED-A465-29EDFB97CA72}.Release|Any CPU.ActiveCfg = Release|Any CPU
		{998483FD-0C2D-41ED-A465-29EDFB97CA72}.Release|Any CPU.Build.0 = Release|Any CPU
		{4A3C2D46-591B-4818-9322-FA5C2A818804}.Debug|Any CPU.ActiveCfg = Debug|Any CPU
		{4A3C2D46-591B-4818-9322-FA5C2A818804}.Debug|Any CPU.Build.0 = Debug|Any CPU
		{4A3C2D46-591B-4818-9322-FA5C2A818804}.Release|Any CPU.ActiveCfg = Release|Any CPU
		{4A3C2D46-591B-4818-9322-FA5C2A818804}.Release|Any CPU.Build.0 = Release|Any CPU
		{39EE1846-DD80-470F-BCC0-56B977FB402D}.Debug|Any CPU.ActiveCfg = Debug|Any CPU
		{39EE1846-DD80-470F-BCC0-56B977FB402D}.Debug|Any CPU.Build.0 = Debug|Any CPU
		{39EE1846-DD80-470F-BCC0-56B977FB402D}.Release|Any CPU.ActiveCfg = Release|Any CPU
		{39EE1846-DD80-470F-BCC0-56B977FB402D}.Release|Any CPU.Build.0 = Release|Any CPU
		{45E85E46-A76C-49B6-807E-688D6216707C}.Debug|Any CPU.ActiveCfg = Debug|Any CPU
		{45E85E46-A76C-49B6-807E-688D6216707C}.Debug|Any CPU.Build.0 = Debug|Any CPU
		{45E85E46-A76C-49B6-807E-688D6216707C}.Release|Any CPU.ActiveCfg = Release|Any CPU
		{45E85E46-A76C-49B6-807E-688D6216707C}.Release|Any CPU.Build.0 = Release|Any CPU
		{186FFF26-6289-4FA5-AFA1-5A361E1847AE}.Debug|Any CPU.ActiveCfg = Debug|Any CPU
		{186FFF26-6289-4FA5-AFA1-5A361E1847AE}.Debug|Any CPU.Build.0 = Debug|Any CPU
		{186FFF26-6289-4FA5-AFA1-5A361E1847AE}.Release|Any CPU.ActiveCfg = Release|Any CPU
		{186FFF26-6289-4FA5-AFA1-5A361E1847AE}.Release|Any CPU.Build.0 = Release|Any CPU
		{F363BB68-D129-451D-BB6F-DCF76F9EBE85}.Debug|Any CPU.ActiveCfg = Debug|Any CPU
		{F363BB68-D129-451D-BB6F-DCF76F9EBE85}.Debug|Any CPU.Build.0 = Debug|Any CPU
		{F363BB68-D129-451D-BB6F-DCF76F9EBE85}.Release|Any CPU.ActiveCfg = Release|Any CPU
		{F363BB68-D129-451D-BB6F-DCF76F9EBE85}.Release|Any CPU.Build.0 = Release|Any CPU
		{9D955C9B-1212-4498-87DD-FE5D8BFDC87D}.Debug|Any CPU.ActiveCfg = Debug|Any CPU
		{9D955C9B-1212-4498-87DD-FE5D8BFDC87D}.Debug|Any CPU.Build.0 = Debug|Any CPU
		{9D955C9B-1212-4498-87DD-FE5D8BFDC87D}.Release|Any CPU.ActiveCfg = Release|Any CPU
		{9D955C9B-1212-4498-87DD-FE5D8BFDC87D}.Release|Any CPU.Build.0 = Release|Any CPU
		{A8B6C8FD-328E-49C1-ABA5-0668F4EB56F5}.Debug|Any CPU.ActiveCfg = Debug|Any CPU
		{A8B6C8FD-328E-49C1-ABA5-0668F4EB56F5}.Debug|Any CPU.Build.0 = Debug|Any CPU
		{A8B6C8FD-328E-49C1-ABA5-0668F4EB56F5}.Release|Any CPU.ActiveCfg = Release|Any CPU
		{A8B6C8FD-328E-49C1-ABA5-0668F4EB56F5}.Release|Any CPU.Build.0 = Release|Any CPU
	EndGlobalSection
	GlobalSection(SolutionProperties) = preSolution
		HideSolutionNode = FALSE
	EndGlobalSection
	GlobalSection(NestedProjects) = preSolution
		{941F5128-C45B-4CF9-A29C-58EF13DCE325} = {BC8F7D69-EAD9-476C-A93D-42E423833E7B}
		{D9CF47FD-5558-4656-96F2-632ED490F671} = {BC8F7D69-EAD9-476C-A93D-42E423833E7B}
		{F5ECF570-9746-498D-B612-35F3E492F2A6} = {BC8F7D69-EAD9-476C-A93D-42E423833E7B}
		{6D29E0D2-ED7E-4A0A-BFFF-7DEEC25F1E39} = {BC8F7D69-EAD9-476C-A93D-42E423833E7B}
		{09518266-94B6-4C66-9161-29175DAA8134} = {80912ADE-5053-4BE5-8C1C-A71D400208BA}
		{242CE3C5-9E05-4256-8875-DF2B53C319A3} = {80912ADE-5053-4BE5-8C1C-A71D400208BA}
		{FDCE0C2B-8AD9-488F-90FC-DE21FA4D0945} = {80912ADE-5053-4BE5-8C1C-A71D400208BA}
		{FCCCBA2E-0725-4BB4-AD9F-492E713AB45A} = {80912ADE-5053-4BE5-8C1C-A71D400208BA}
		{B380694C-5B5F-433E-B76C-B01B9CA804DC} = {CDE22427-7767-417A-8A7E-D95B7E341230}
		{E3FC5BEB-6844-4D63-BA0A-4C614B97DFA3} = {1BFE62AE-4E86-4C47-810A-2AD61C1AFFFA}
		{E69734A9-8A6B-430D-BC1C-2EA09CC50047} = {1BFE62AE-4E86-4C47-810A-2AD61C1AFFFA}
		{998483FD-0C2D-41ED-A465-29EDFB97CA72} = {1BFE62AE-4E86-4C47-810A-2AD61C1AFFFA}
		{4A3C2D46-591B-4818-9322-FA5C2A818804} = {1BFE62AE-4E86-4C47-810A-2AD61C1AFFFA}
		{39EE1846-DD80-470F-BCC0-56B977FB402D} = {1BFE62AE-4E86-4C47-810A-2AD61C1AFFFA}
		{45E85E46-A76C-49B6-807E-688D6216707C} = {03FF2DBF-1D46-432B-AF44-185A0260A797}
		{186FFF26-6289-4FA5-AFA1-5A361E1847AE} = {03FF2DBF-1D46-432B-AF44-185A0260A797}
		{F363BB68-D129-451D-BB6F-DCF76F9EBE85} = {03FF2DBF-1D46-432B-AF44-185A0260A797}
		{9D955C9B-1212-4498-87DD-FE5D8BFDC87D} = {03FF2DBF-1D46-432B-AF44-185A0260A797}
		{A8B6C8FD-328E-49C1-ABA5-0668F4EB56F5} = {03FF2DBF-1D46-432B-AF44-185A0260A797}
	EndGlobalSection
	GlobalSection(ExtensibilityGlobals) = postSolution
		SolutionGuid = {DD472D67-D0D8-47A1-828E-ADE8272AFDF7}
	EndGlobalSection
EndGlobal
